github.com/google/go-cmp v0.5.9 h1:O2Tfq5qg4qc4AmwVlvv0oLiVAGB7enBSJ2x2DqQFi38=
github.com/google/go-cmp v0.5.9/go.mod h1:17dUlkBOakJ0+DkrSSNjCkIjxS6bF9zb3elmeNGIjoY=
github.com/patrickcping/pingone-go-sdk-v2/authorize v0.7.0 h1:e36HmxvHy3zmt9oKHlTTgImSt1Q71RT05i6Kp4EwxWU=
github.com/patrickcping/pingone-go-sdk-v2/authorize v0.7.0/go.mod h1:2PDrgC1ufXk2IDIk4JQHx6r34r2xpkbnzKIpXFv8gYs=
github.com/patrickcping/pingone-go-sdk-v2/credentials v0.10.0 h1:NziAU4J3b18hw/4L+4TpCOBS+kd9srQR2R3xP0aEbNw=
github.com/patrickcping/pingone-go-sdk-v2/credentials v0.10.0/go.mod h1:yRGf7+tsB3/AQYsNjIIs4ScJhR885mvDYMgwHiQeMl0=
github.com/patrickcping/pingone-go-sdk-v2/management v0.45.0 h1:mGC9J52bR1+4plCWjfdWq6l6BdlUlemHWv0arzSyvsM=
github.com/patrickcping/pingone-go-sdk-v2/management v0.45.0/go.mod h1:oLB/jjAkn4oEA60nC5/0KAobvcNJbflOWnVaS6lKxv8=
github.com/patrickcping/pingone-go-sdk-v2/mfa v0.21.0 h1:/cfl+PcocLDj2m4ZgE653m3UDdIk7VEB7iVwCQ1YSH4=
github.com/patrickcping/pingone-go-sdk-v2/mfa v0.21.0/go.mod h1:Q+Ym6kktv5Y6VnVhDt//lWoOhmIKfyjo6ejRx5mLttY=
github.com/patrickcping/pingone-go-sdk-v2/risk v0.18.0 h1:+Ogq2g0s0i+SU/NoJg9+pL5+3iPyK9tFUWrDC3scHR8=
github.com/patrickcping/pingone-go-sdk-v2/risk v0.18.0/go.mod h1:ppwkDT/w2/2y2aFH+hFQgziLMsWvz2MEZvwYexREqRk=
github.com/patrickcping/pingone-go-sdk-v2/verify v0.8.0 h1:FsssxnJ/VSIxXtdvZlDn555nY+Yn1ndsg9IITyXYBbM=
github.com/patrickcping/pingone-go-sdk-v2/verify v0.8.0/go.mod h1:bCq5fHv9mSdNsm/XiT5jb3YgYnQb8F824EYfq9eAJl4=
golang.org/x/oauth2 v0.24.0 h1:KTBBxWqUa0ykRPLtV69rRto9TLXcqYkeswu48x/gvNE=
golang.org/x/oauth2 v0.24.0/go.mod h1:XYTD2NtWslqkgxebSiOHnXEap4TF09sJSc7H1sXbhtI=
