github.com/patrickcping/pingone-go-sdk-v2/authorize v0.8.1 h1:Q4lJI8jmK1/HYy82cb4FHCh6cxNebkYiioRgsf8SX8I=
github.com/patrickcping/pingone-go-sdk-v2/authorize v0.8.1/go.mod h1:2PDrgC1ufXk2IDIk4JQHx6r34r2xpkbnzKIpXFv8gYs=
github.com/patrickcping/pingone-go-sdk-v2/credentials v0.11.1 h1:p7QsW+80U5LM43gkJYetYFPNeRmW5k8FteWMvEyPsJk=
github.com/patrickcping/pingone-go-sdk-v2/credentials v0.11.1/go.mod h1:yRGf7+tsB3/AQYsNjIIs4ScJhR885mvDYMgwHiQeMl0=
github.com/patrickcping/pingone-go-sdk-v2/management v0.58.0 h1:u6YiT5A4Bd6tCDZM/NG0AJLbREQyZNyU5ZomiDP5PU4=
github.com/patrickcping/pingone-go-sdk-v2/management v0.58.0/go.mod h1:oLB/jjAkn4oEA60nC5/0KAobvcNJbflOWnVaS6lKxv8=
github.com/patrickcping/pingone-go-sdk-v2/mfa v0.23.1 h1:M97mqgeECxnF27syT+2dTYCSMFvGAZ+JFYXRsuKMlwY=
github.com/patrickcping/pingone-go-sdk-v2/mfa v0.23.1/go.mod h1:Q+Ym6kktv5Y6VnVhDt//lWoOhmIKfyjo6ejRx5mLttY=
github.com/patrickcping/pingone-go-sdk-v2/risk v0.19.1 h1:sthTrmwt46h9ey1TWI8B8LKctefuohvCXNdRXeh+ra0=
github.com/patrickcping/pingone-go-sdk-v2/risk v0.19.1/go.mod h1:ppwkDT/w2/2y2aFH+hFQgziLMsWvz2MEZvwYexREqRk=
github.com/patrickcping/pingone-go-sdk-v2/verify v0.9.1 h1:Os9QKUELVNTi+sFsflANjWZplc01K/wxetEsiAacQBc=
github.com/patrickcping/pingone-go-sdk-v2/verify v0.9.1/go.mod h1:bCq5fHv9mSdNsm/XiT5jb3YgYnQb8F824EYfq9eAJl4=
golang.org/x/oauth2 v0.30.0 h1:dnDm7JmhM45NNpd8FDDeLhK6FwqbOf4MLCM9zb1BOHI=
golang.org/x/oauth2 v0.30.0/go.mod h1:B++QgG3ZKulg6sRPGD/mqlHQs5rB3Ml9erfeDY7xKlU=
