github.com/google/go-cmp v0.5.9 h1:O2Tfq5qg4qc4AmwVlvv0oLiVAGB7enBSJ2x2DqQFi38=
github.com/google/go-cmp v0.5.9/go.mod h1:17dUlkBOakJ0+DkrSSNjCkIjxS6bF9zb3elmeNGIjoY=
github.com/patrickcping/pingone-go-sdk-v2/authorize v0.8.0 h1:gEPzZToJlBcJh2Ft12dP1GCSGzsNFQFEHS7Bql86RQk=
github.com/patrickcping/pingone-go-sdk-v2/authorize v0.8.0/go.mod h1:2PDrgC1ufXk2IDIk4JQHx6r34r2xpkbnzKIpXFv8gYs=
github.com/patrickcping/pingone-go-sdk-v2/credentials v0.11.0 h1:pLiiBkROks/40vhFWJEcr/tiIEqqYdP4FWsHtfCLdIs=
github.com/patrickcping/pingone-go-sdk-v2/credentials v0.11.0/go.mod h1:yRGf7+tsB3/AQYsNjIIs4ScJhR885mvDYMgwHiQeMl0=
github.com/patrickcping/pingone-go-sdk-v2/management v0.52.0 h1:oKk7g9lQlDQVrVHvUMWhg5E4LzEHHJFMNerdlELXhnQ=
github.com/patrickcping/pingone-go-sdk-v2/management v0.52.0/go.mod h1:oLB/jjAkn4oEA60nC5/0KAobvcNJbflOWnVaS6lKxv8=
github.com/patrickcping/pingone-go-sdk-v2/mfa v0.23.0 h1:k133OY6PNO3tgNK3LBoEI+Uf9bRNKsvAkMMVUf99/Q0=
github.com/patrickcping/pingone-go-sdk-v2/mfa v0.23.0/go.mod h1:Q+Ym6kktv5Y6VnVhDt//lWoOhmIKfyjo6ejRx5mLttY=
github.com/patrickcping/pingone-go-sdk-v2/risk v0.19.0 h1:qGdwnfjsexHhTUAyBaUzheyeKWhR3Q8groqVpprzzOw=
github.com/patrickcping/pingone-go-sdk-v2/risk v0.19.0/go.mod h1:ppwkDT/w2/2y2aFH+hFQgziLMsWvz2MEZvwYexREqRk=
github.com/patrickcping/pingone-go-sdk-v2/verify v0.9.0 h1:Gnxvi7yx4NSBNOqBBydUPoR9Flp/dnnXj3129+ub9WY=
github.com/patrickcping/pingone-go-sdk-v2/verify v0.9.0/go.mod h1:bCq5fHv9mSdNsm/XiT5jb3YgYnQb8F824EYfq9eAJl4=
golang.org/x/oauth2 v0.28.0 h1:CrgCKl8PPAVtLnU3c+EDw6x11699EWlsDeWNWKdIOkc=
golang.org/x/oauth2 v0.28.0/go.mod h1:onh5ek6nERTohokkhCD/y2cV4Do3fxFHFuAejCkRWT8=
